// !$*UTF8*$!
{
	archiveVersion = 1;
	classes = {
	};
	objectVersion = 46;
	objects = {

/* Begin PBXBuildFile section */
		610347AC1CB5F01B0088F9ED /* main.m in Sources */ = {isa = PBXBuildFile; fileRef = 610347AB1CB5F01B0088F9ED /* main.m */; };
		610347AF1CB5F01B0088F9ED /* AppDelegate.m in Sources */ = {isa = PBXBuildFile; fileRef = 610347AE1CB5F01B0088F9ED /* AppDelegate.m */; };
		610347B71CB5F01B0088F9ED /* Assets.xcassets in Resources */ = {isa = PBXBuildFile; fileRef = 610347B61CB5F01B0088F9ED /* Assets.xcassets */; };
		610347C51CB5F01B0088F9ED /* _____Tests.m in Sources */ = {isa = PBXBuildFile; fileRef = 610347C41CB5F01B0088F9ED /* _____Tests.m */; };
		610347D01CB5F01B0088F9ED /* _____UITests.m in Sources */ = {isa = PBXBuildFile; fileRef = 610347CF1CB5F01B0088F9ED /* _____UITests.m */; };
		610347DF1CB5F51C0088F9ED /* TTTabBarController.m in Sources */ = {isa = PBXBuildFile; fileRef = 610347DE1CB5F51C0088F9ED /* TTTabBarController.m */; };
		610347E21CB635530088F9ED /* TTEssenceViewController.m in Sources */ = {isa = PBXBuildFile; fileRef = 610347E11CB635530088F9ED /* TTEssenceViewController.m */; };
		610347E51CB635630088F9ED /* TTNewViewController.m in Sources */ = {isa = PBXBuildFile; fileRef = 610347E41CB635630088F9ED /* TTNewViewController.m */; };
		610347E81CB635760088F9ED /* TTFriendTrendsViewController.m in Sources */ = {isa = PBXBuildFile; fileRef = 610347E71CB635760088F9ED /* TTFriendTrendsViewController.m */; };
		610347EB1CB635800088F9ED /* TTMeViewController.m in Sources */ = {isa = PBXBuildFile; fileRef = 610347EA1CB635800088F9ED /* TTMeViewController.m */; };
/* End PBXBuildFile section */

/* Begin PBXContainerItemProxy section */
		610347C11CB5F01B0088F9ED /* PBXContainerItemProxy */ = {
			isa = PBXContainerItemProxy;
			containerPortal = 6103479F1CB5F01B0088F9ED /* Project object */;
			proxyType = 1;
			remoteGlobalIDString = 610347A61CB5F01B0088F9ED;
			remoteInfo = "百思不得姐";
		};
		610347CC1CB5F01B0088F9ED /* PBXContainerItemProxy */ = {
			isa = PBXContainerItemProxy;
			containerPortal = 6103479F1CB5F01B0088F9ED /* Project object */;
			proxyType = 1;
			remoteGlobalIDString = 610347A61CB5F01B0088F9ED;
			remoteInfo = "百思不得姐";
		};
/* End PBXContainerItemProxy section */

/* Begin PBXFileReference section */
		610347A71CB5F01B0088F9ED /* 百思不得姐.app */ = {isa = PBXFileReference; explicitFileType = wrapper.application; includeInIndex = 0; path = "百思不得姐.app"; sourceTree = BUILT_PRODUCTS_DIR; };
		610347AB1CB5F01B0088F9ED /* main.m */ = {isa = PBXFileReference; lastKnownFileType = sourcecode.c.objc; path = main.m; sourceTree = "<group>"; };
		610347AD1CB5F01B0088F9ED /* AppDelegate.h */ = {isa = PBXFileReference; lastKnownFileType = sourcecode.c.h; path = AppDelegate.h; sourceTree = "<group>"; };
		610347AE1CB5F01B0088F9ED /* AppDelegate.m */ = {isa = PBXFileReference; lastKnownFileType = sourcecode.c.objc; path = AppDelegate.m; sourceTree = "<group>"; };
		610347B61CB5F01B0088F9ED /* Assets.xcassets */ = {isa = PBXFileReference; lastKnownFileType = folder.assetcatalog; path = Assets.xcassets; sourceTree = "<group>"; };
		610347BB1CB5F01B0088F9ED /* Info.plist */ = {isa = PBXFileReference; lastKnownFileType = text.plist.xml; path = Info.plist; sourceTree = "<group>"; };
		610347C01CB5F01B0088F9ED /* 百思不得姐Tests.xctest */ = {isa = PBXFileReference; explicitFileType = wrapper.cfbundle; includeInIndex = 0; path = "百思不得姐Tests.xctest"; sourceTree = BUILT_PRODUCTS_DIR; };
		610347C41CB5F01B0088F9ED /* _____Tests.m */ = {isa = PBXFileReference; lastKnownFileType = sourcecode.c.objc; path = "_____Tests.m"; sourceTree = "<group>"; };
		610347C61CB5F01B0088F9ED /* Info.plist */ = {isa = PBXFileReference; lastKnownFileType = text.plist.xml; path = Info.plist; sourceTree = "<group>"; };
		610347CB1CB5F01B0088F9ED /* 百思不得姐UITests.xctest */ = {isa = PBXFileReference; explicitFileType = wrapper.cfbundle; includeInIndex = 0; path = "百思不得姐UITests.xctest"; sourceTree = BUILT_PRODUCTS_DIR; };
		610347CF1CB5F01B0088F9ED /* _____UITests.m */ = {isa = PBXFileReference; lastKnownFileType = sourcecode.c.objc; path = "_____UITests.m"; sourceTree = "<group>"; };
		610347D11CB5F01B0088F9ED /* Info.plist */ = {isa = PBXFileReference; lastKnownFileType = text.plist.xml; path = Info.plist; sourceTree = "<group>"; };
		610347DD1CB5F51C0088F9ED /* TTTabBarController.h */ = {isa = PBXFileReference; fileEncoding = 4; lastKnownFileType = sourcecode.c.h; path = TTTabBarController.h; sourceTree = "<group>"; };
		610347DE1CB5F51C0088F9ED /* TTTabBarController.m */ = {isa = PBXFileReference; fileEncoding = 4; lastKnownFileType = sourcecode.c.objc; path = TTTabBarController.m; sourceTree = "<group>"; };
		610347E01CB635530088F9ED /* TTEssenceViewController.h */ = {isa = PBXFileReference; fileEncoding = 4; lastKnownFileType = sourcecode.c.h; path = TTEssenceViewController.h; sourceTree = "<group>"; };
		610347E11CB635530088F9ED /* TTEssenceViewController.m */ = {isa = PBXFileReference; fileEncoding = 4; lastKnownFileType = sourcecode.c.objc; path = TTEssenceViewController.m; sourceTree = "<group>"; };
		610347E31CB635630088F9ED /* TTNewViewController.h */ = {isa = PBXFileReference; fileEncoding = 4; lastKnownFileType = sourcecode.c.h; path = TTNewViewController.h; sourceTree = "<group>"; };
		610347E41CB635630088F9ED /* TTNewViewController.m */ = {isa = PBXFileReference; fileEncoding = 4; lastKnownFileType = sourcecode.c.objc; path = TTNewViewController.m; sourceTree = "<group>"; };
		610347E61CB635760088F9ED /* TTFriendTrendsViewController.h */ = {isa = PBXFileReference; fileEncoding = 4; lastKnownFileType = sourcecode.c.h; path = TTFriendTrendsViewController.h; sourceTree = "<group>"; };
		610347E71CB635760088F9ED /* TTFriendTrendsViewController.m */ = {isa = PBXFileReference; fileEncoding = 4; lastKnownFileType = sourcecode.c.objc; path = TTFriendTrendsViewController.m; sourceTree = "<group>"; };
		610347E91CB635800088F9ED /* TTMeViewController.h */ = {isa = PBXFileReference; fileEncoding = 4; lastKnownFileType = sourcecode.c.h; path = TTMeViewController.h; sourceTree = "<group>"; };
		610347EA1CB635800088F9ED /* TTMeViewController.m */ = {isa = PBXFileReference; fileEncoding = 4; lastKnownFileType = sourcecode.c.objc; path = TTMeViewController.m; sourceTree = "<group>"; };
/* End PBXFileReference section */

/* Begin PBXFrameworksBuildPhase section */
		610347A41CB5F01B0088F9ED /* Frameworks */ = {
			isa = PBXFrameworksBuildPhase;
			buildActionMask = 2147483647;
			files = (
			);
			runOnlyForDeploymentPostprocessing = 0;
		};
		610347BD1CB5F01B0088F9ED /* Frameworks */ = {
			isa = PBXFrameworksBuildPhase;
			buildActionMask = 2147483647;
			files = (
			);
			runOnlyForDeploymentPostprocessing = 0;
		};
		610347C81CB5F01B0088F9ED /* Frameworks */ = {
			isa = PBXFrameworksBuildPhase;
			buildActionMask = 2147483647;
			files = (
			);
			runOnlyForDeploymentPostprocessing = 0;
		};
/* End PBXFrameworksBuildPhase section */

/* Begin PBXGroup section */
		6103479E1CB5F01B0088F9ED = {
			isa = PBXGroup;
			children = (
				610347A91CB5F01B0088F9ED /* 百思不得姐 */,
				610347C31CB5F01B0088F9ED /* 百思不得姐Tests */,
				610347CE1CB5F01B0088F9ED /* 百思不得姐UITests */,
				610347A81CB5F01B0088F9ED /* Products */,
			);
			sourceTree = "<group>";
		};
		610347A81CB5F01B0088F9ED /* Products */ = {
			isa = PBXGroup;
			children = (
				610347A71CB5F01B0088F9ED /* 百思不得姐.app */,
				610347C01CB5F01B0088F9ED /* 百思不得姐Tests.xctest */,
				610347CB1CB5F01B0088F9ED /* 百思不得姐UITests.xctest */,
			);
			name = Products;
			sourceTree = "<group>";
		};
		610347A91CB5F01B0088F9ED /* 百思不得姐 */ = {
			isa = PBXGroup;
			children = (
				610347AD1CB5F01B0088F9ED /* AppDelegate.h */,
				610347AE1CB5F01B0088F9ED /* AppDelegate.m */,
				610347DD1CB5F51C0088F9ED /* TTTabBarController.h */,
				610347DE1CB5F51C0088F9ED /* TTTabBarController.m */,
				610347E01CB635530088F9ED /* TTEssenceViewController.h */,
				610347E11CB635530088F9ED /* TTEssenceViewController.m */,
				610347E31CB635630088F9ED /* TTNewViewController.h */,
				610347E41CB635630088F9ED /* TTNewViewController.m */,
				610347E61CB635760088F9ED /* TTFriendTrendsViewController.h */,
				610347E71CB635760088F9ED /* TTFriendTrendsViewController.m */,
				610347E91CB635800088F9ED /* TTMeViewController.h */,
				610347EA1CB635800088F9ED /* TTMeViewController.m */,
				610347AA1CB5F01B0088F9ED /* Supporting Files */,
			);
			path = "百思不得姐";
			sourceTree = "<group>";
		};
		610347AA1CB5F01B0088F9ED /* Supporting Files */ = {
			isa = PBXGroup;
			children = (
				610347B61CB5F01B0088F9ED /* Assets.xcassets */,
				610347BB1CB5F01B0088F9ED /* Info.plist */,
				610347AB1CB5F01B0088F9ED /* main.m */,
			);
			name = "Supporting Files";
			sourceTree = "<group>";
		};
		610347C31CB5F01B0088F9ED /* 百思不得姐Tests */ = {
			isa = PBXGroup;
			children = (
				610347C41CB5F01B0088F9ED /* _____Tests.m */,
				610347C61CB5F01B0088F9ED /* Info.plist */,
			);
			path = "百思不得姐Tests";
			sourceTree = "<group>";
		};
		610347CE1CB5F01B0088F9ED /* 百思不得姐UITests */ = {
			isa = PBXGroup;
			children = (
				610347CF1CB5F01B0088F9ED /* _____UITests.m */,
				610347D11CB5F01B0088F9ED /* Info.plist */,
			);
			path = "百思不得姐UITests";
			sourceTree = "<group>";
		};
/* End PBXGroup section */

/* Begin PBXNativeTarget section */
		610347A61CB5F01B0088F9ED /* 百思不得姐 */ = {
			isa = PBXNativeTarget;
			buildConfigurationList = 610347D41CB5F01B0088F9ED /* Build configuration list for PBXNativeTarget "百思不得姐" */;
			buildPhases = (
				610347A31CB5F01B0088F9ED /* Sources */,
				610347A41CB5F01B0088F9ED /* Frameworks */,
				610347A51CB5F01B0088F9ED /* Resources */,
			);
			buildRules = (
			);
			dependencies = (
			);
			name = "百思不得姐";
			productName = "百思不得姐";
			productReference = 610347A71CB5F01B0088F9ED /* 百思不得姐.app */;
			productType = "com.apple.product-type.application";
		};
		610347BF1CB5F01B0088F9ED /* 百思不得姐Tests */ = {
			isa = PBXNativeTarget;
			buildConfigurationList = 610347D71CB5F01B0088F9ED /* Build configuration list for PBXNativeTarget "百思不得姐Tests" */;
			buildPhases = (
				610347BC1CB5F01B0088F9ED /* Sources */,
				610347BD1CB5F01B0088F9ED /* Frameworks */,
				610347BE1CB5F01B0088F9ED /* Resources */,
			);
			buildRules = (
			);
			dependencies = (
				610347C21CB5F01B0088F9ED /* PBXTargetDependency */,
			);
			name = "百思不得姐Tests";
			productName = "百思不得姐Tests";
			productReference = 610347C01CB5F01B0088F9ED /* 百思不得姐Tests.xctest */;
			productType = "com.apple.product-type.bundle.unit-test";
		};
		610347CA1CB5F01B0088F9ED /* 百思不得姐UITests */ = {
			isa = PBXNativeTarget;
			buildConfigurationList = 610347DA1CB5F01B0088F9ED /* Build configuration list for PBXNativeTarget "百思不得姐UITests" */;
			buildPhases = (
				610347C71CB5F01B0088F9ED /* Sources */,
				610347C81CB5F01B0088F9ED /* Frameworks */,
				610347C91CB5F01B0088F9ED /* Resources */,
			);
			buildRules = (
			);
			dependencies = (
				610347CD1CB5F01B0088F9ED /* PBXTargetDependency */,
			);
			name = "百思不得姐UITests";
			productName = "百思不得姐UITests";
			productReference = 610347CB1CB5F01B0088F9ED /* 百思不得姐UITests.xctest */;
			productType = "com.apple.product-type.bundle.ui-testing";
		};
/* End PBXNativeTarget section */

/* Begin PBXProject section */
		6103479F1CB5F01B0088F9ED /* Project object */ = {
			isa = PBXProject;
			attributes = {
				LastUpgradeCheck = 0730;
				ORGANIZATIONNAME = "李涛涛";
				TargetAttributes = {
					610347A61CB5F01B0088F9ED = {
						CreatedOnToolsVersion = 7.3;
					};
					610347BF1CB5F01B0088F9ED = {
						CreatedOnToolsVersion = 7.3;
						TestTargetID = 610347A61CB5F01B0088F9ED;
					};
					610347CA1CB5F01B0088F9ED = {
						CreatedOnToolsVersion = 7.3;
						TestTargetID = 610347A61CB5F01B0088F9ED;
					};
				};
			};
			buildConfigurationList = 610347A21CB5F01B0088F9ED /* Build configuration list for PBXProject "百思不得姐" */;
			compatibilityVersion = "Xcode 3.2";
			developmentRegion = English;
			hasScannedForEncodings = 0;
			knownRegions = (
				en,
				Base,
			);
			mainGroup = 6103479E1CB5F01B0088F9ED;
			productRefGroup = 610347A81CB5F01B0088F9ED /* Products */;
			projectDirPath = "";
			projectRoot = "";
			targets = (
				610347A61CB5F01B0088F9ED /* 百思不得姐 */,
				610347BF1CB5F01B0088F9ED /* 百思不得姐Tests */,
				610347CA1CB5F01B0088F9ED /* 百思不得姐UITests */,
			);
		};
/* End PBXProject section */

/* Begin PBXResourcesBuildPhase section */
		610347A51CB5F01B0088F9ED /* Resources */ = {
			isa = PBXResourcesBuildPhase;
			buildActionMask = 2147483647;
			files = (
				610347B71CB5F01B0088F9ED /* Assets.xcassets in Resources */,
			);
			runOnlyForDeploymentPostprocessing = 0;
		};
		610347BE1CB5F01B0088F9ED /* Resources */ = {
			isa = PBXResourcesBuildPhase;
			buildActionMask = 2147483647;
			files = (
			);
			runOnlyForDeploymentPostprocessing = 0;
		};
		610347C91CB5F01B0088F9ED /* Resources */ = {
			isa = PBXResourcesBuildPhase;
			buildActionMask = 2147483647;
			files = (
			);
			runOnlyForDeploymentPostprocessing = 0;
		};
/* End PBXResourcesBuildPhase section */

/* Begin PBXSourcesBuildPhase section */
		610347A31CB5F01B0088F9ED /* Sources */ = {
			isa = PBXSourcesBuildPhase;
			buildActionMask = 2147483647;
			files = (
				610347DF1CB5F51C0088F9ED /* TTTabBarController.m in Sources */,
				610347E21CB635530088F9ED /* TTEssenceViewController.m in Sources */,
				610347AF1CB5F01B0088F9ED /* AppDelegate.m in Sources */,
				610347E51CB635630088F9ED /* TTNewViewController.m in Sources */,
				610347E81CB635760088F9ED /* TTFriendTrendsViewController.m in Sources */,
				610347AC1CB5F01B0088F9ED /* main.m in Sources */,
				610347EB1CB635800088F9ED /* TTMeViewController.m in Sources */,
			);
			runOnlyForDeploymentPostprocessing = 0;
		};
		610347BC1CB5F01B0088F9ED /* Sources */ = {
			isa = PBXSourcesBuildPhase;
			buildActionMask = 2147483647;
			files = (
				610347C51CB5F01B0088F9ED /* _____Tests.m in Sources */,
			);
			runOnlyForDeploymentPostprocessing = 0;
		};
		610347C71CB5F01B0088F9ED /* Sources */ = {
			isa = PBXSourcesBuildPhase;
			buildActionMask = 2147483647;
			files = (
				610347D01CB5F01B0088F9ED /* _____UITests.m in Sources */,
			);
			runOnlyForDeploymentPostprocessing = 0;
		};
/* End PBXSourcesBuildPhase section */

/* Begin PBXTargetDependency section */
		610347C21CB5F01B0088F9ED /* PBXTargetDependency */ = {
			isa = PBXTargetDependency;
			target = 610347A61CB5F01B0088F9ED /* 百思不得姐 */;
			targetProxy = 610347C11CB5F01B0088F9ED /* PBXContainerItemProxy */;
		};
		610347CD1CB5F01B0088F9ED /* PBXTargetDependency */ = {
			isa = PBXTargetDependency;
			target = 610347A61CB5F01B0088F9ED /* 百思不得姐 */;
			targetProxy = 610347CC1CB5F01B0088F9ED /* PBXContainerItemProxy */;
		};
/* End PBXTargetDependency section */

/* Begin XCBuildConfiguration section */
		610347D21CB5F01B0088F9ED /* Debug */ = {
			isa = XCBuildConfiguration;
			buildSettings = {
				ALWAYS_SEARCH_USER_PATHS = NO;
				CLANG_ANALYZER_NONNULL = YES;
				CLANG_CXX_LANGUAGE_STANDARD = "gnu++0x";
				CLANG_CXX_LIBRARY = "libc++";
				CLANG_ENABLE_MODULES = YES;
				CLANG_ENABLE_OBJC_ARC = YES;
				CLANG_WARN_BOOL_CONVERSION = YES;
				CLANG_WARN_CONSTANT_CONVERSION = YES;
				CLANG_WARN_DIRECT_OBJC_ISA_USAGE = YES_ERROR;
				CLANG_WARN_EMPTY_BODY = YES;
				CLANG_WARN_ENUM_CONVERSION = YES;
				CLANG_WARN_INT_CONVERSION = YES;
				CLANG_WARN_OBJC_ROOT_CLASS = YES_ERROR;
				CLANG_WARN_UNREACHABLE_CODE = YES;
				CLANG_WARN__DUPLICATE_METHOD_MATCH = YES;
				"CODE_SIGN_IDENTITY[sdk=iphoneos*]" = "iPhone Developer";
				COPY_PHASE_STRIP = NO;
				DEBUG_INFORMATION_FORMAT = dwarf;
				ENABLE_STRICT_OBJC_MSGSEND = YES;
				ENABLE_TESTABILITY = YES;
				GCC_C_LANGUAGE_STANDARD = gnu99;
				GCC_DYNAMIC_NO_PIC = NO;
				GCC_NO_COMMON_BLOCKS = YES;
				GCC_OPTIMIZATION_LEVEL = 0;
				GCC_PREPROCESSOR_DEFINITIONS = (
					"DEBUG=1",
					"$(inherited)",
				);
				GCC_WARN_64_TO_32_BIT_CONVERSION = YES;
				GCC_WARN_ABOUT_RETURN_TYPE = YES_ERROR;
				GCC_WARN_UNDECLARED_SELECTOR = YES;
				GCC_WARN_UNINITIALIZED_AUTOS = YES_AGGRESSIVE;
				GCC_WARN_UNUSED_FUNCTION = YES;
				GCC_WARN_UNUSED_VARIABLE = YES;
				IPHONEOS_DEPLOYMENT_TARGET = 9.3;
				MTL_ENABLE_DEBUG_INFO = YES;
				ONLY_ACTIVE_ARCH = YES;
				SDKROOT = iphoneos;
			};
			name = Debug;
		};
		610347D31CB5F01B0088F9ED /* Release */ = {
			isa = XCBuildConfiguration;
			buildSettings = {
				ALWAYS_SEARCH_USER_PATHS = NO;
				CLANG_ANALYZER_NONNULL = YES;
				CLANG_CXX_LANGUAGE_STANDARD = "gnu++0x";
				CLANG_CXX_LIBRARY = "libc++";
				CLANG_ENABLE_MODULES = YES;
				CLANG_ENABLE_OBJC_ARC = YES;
				CLANG_WARN_BOOL_CONVERSION = YES;
				CLANG_WARN_CONSTANT_CONVERSION = YES;
				CLANG_WARN_DIRECT_OBJC_ISA_USAGE = YES_ERROR;
				CLANG_WARN_EMPTY_BODY = YES;
				CLANG_WARN_ENUM_CONVERSION = YES;
				CLANG_WARN_INT_CONVERSION = YES;
				CLANG_WARN_OBJC_ROOT_CLASS = YES_ERROR;
				CLANG_WARN_UNREACHABLE_CODE = YES;
				CLANG_WARN__DUPLICATE_METHOD_MATCH = YES;
				"CODE_SIGN_IDENTITY[sdk=iphoneos*]" = "iPhone Developer";
				COPY_PHASE_STRIP = NO;
				DEBUG_INFORMATION_FORMAT = "dwarf-with-dsym";
				ENABLE_NS_ASSERTIONS = NO;
				ENABLE_STRICT_OBJC_MSGSEND = YES;
				GCC_C_LANGUAGE_STANDARD = gnu99;
				GCC_NO_COMMON_BLOCKS = YES;
				GCC_WARN_64_TO_32_BIT_CONVERSION = YES;
				GCC_WARN_ABOUT_RETURN_TYPE = YES_ERROR;
				GCC_WARN_UNDECLARED_SELECTOR = YES;
				GCC_WARN_UNINITIALIZED_AUTOS = YES_AGGRESSIVE;
				GCC_WARN_UNUSED_FUNCTION = YES;
				GCC_WARN_UNUSED_VARIABLE = YES;
				IPHONEOS_DEPLOYMENT_TARGET = 9.3;
				MTL_ENABLE_DEBUG_INFO = NO;
				SDKROOT = iphoneos;
				VALIDATE_PRODUCT = YES;
			};
			name = Release;
		};
		610347D51CB5F01B0088F9ED /* Debug */ = {
			isa = XCBuildConfiguration;
			buildSettings = {
				ASSETCATALOG_COMPILER_APPICON_NAME = AppIcon;
				ASSETCATALOG_COMPILER_LAUNCHIMAGE_NAME = "Brand Assets";
				INFOPLIST_FILE = "百思不得姐/Info.plist";
				LD_RUNPATH_SEARCH_PATHS = "$(inherited) @executable_path/Frameworks";
				PRODUCT_BUNDLE_IDENTIFIER = "com.dianshi.-----";
				PRODUCT_NAME = "$(TARGET_NAME)";
			};
			name = Debug;
		};
		610347D61CB5F01B0088F9ED /* Release */ = {
			isa = XCBuildConfiguration;
			buildSettings = {
				ASSETCATALOG_COMPILER_APPICON_NAME = AppIcon;
				ASSETCATALOG_COMPILER_LAUNCHIMAGE_NAME = "Brand Assets";
				INFOPLIST_FILE = "百思不得姐/Info.plist";
				LD_RUNPATH_SEARCH_PATHS = "$(inherited) @executable_path/Frameworks";
				PRODUCT_BUNDLE_IDENTIFIER = "com.dianshi.-----";
				PRODUCT_NAME = "$(TARGET_NAME)";
			};
			name = Release;
		};
		610347D81CB5F01B0088F9ED /* Debug */ = {
			isa = XCBuildConfiguration;
			buildSettings = {
				BUNDLE_LOADER = "$(TEST_HOST)";
				INFOPLIST_FILE = "百思不得姐Tests/Info.plist";
				LD_RUNPATH_SEARCH_PATHS = "$(inherited) @executable_path/Frameworks @loader_path/Frameworks";
				PRODUCT_BUNDLE_IDENTIFIER = "com.dianshi.-----Tests";
				PRODUCT_NAME = "$(TARGET_NAME)";
				TEST_HOST = "$(BUILT_PRODUCTS_DIR)/百思不得姐.app/百思不得姐";
			};
			name = Debug;
		};
		610347D91CB5F01B0088F9ED /* Release */ = {
			isa = XCBuildConfiguration;
			buildSettings = {
				BUNDLE_LOADER = "$(TEST_HOST)";
				INFOPLIST_FILE = "百思不得姐Tests/Info.plist";
				LD_RUNPATH_SEARCH_PATHS = "$(inherited) @executable_path/Frameworks @loader_path/Frameworks";
				PRODUCT_BUNDLE_IDENTIFIER = "com.dianshi.-----Tests";
				PRODUCT_NAME = "$(TARGET_NAME)";
				TEST_HOST = "$(BUILT_PRODUCTS_DIR)/百思不得姐.app/百思不得姐";
			};
			name = Release;
		};
		610347DB1CB5F01B0088F9ED /* Debug */ = {
			isa = XCBuildConfiguration;
			buildSettings = {
				INFOPLIST_FILE = "百思不得姐UITests/Info.plist";
				LD_RUNPATH_SEARCH_PATHS = "$(inherited) @executable_path/Frameworks @loader_path/Frameworks";
				PRODUCT_BUNDLE_IDENTIFIER = "com.dianshi.-----UITests";
				PRODUCT_NAME = "$(TARGET_NAME)";
				TEST_TARGET_NAME = "百思不得姐";
			};
			name = Debug;
		};
		610347DC1CB5F01B0088F9ED /* Release */ = {
			isa = XCBuildConfiguration;
			buildSettings = {
				INFOPLIST_FILE = "百思不得姐UITests/Info.plist";
				LD_RUNPATH_SEARCH_PATHS = "$(inherited) @executable_path/Frameworks @loader_path/Frameworks";
				PRODUCT_BUNDLE_IDENTIFIER = "com.dianshi.-----UITests";
				PRODUCT_NAME = "$(TARGET_NAME)";
				TEST_TARGET_NAME = "百思不得姐";
			};
			name = Release;
		};
/* End XCBuildConfiguration section */

/* Begin XCConfigurationList section */
		610347A21CB5F01B0088F9ED /* Build configuration list for PBXProject "百思不得姐" */ = {
			isa = XCConfigurationList;
			buildConfigurations = (
				610347D21CB5F01B0088F9ED /* Debug */,
				610347D31CB5F01B0088F9ED /* Release */,
			);
			defaultConfigurationIsVisible = 0;
			defaultConfigurationName = Release;
		};
		610347D41CB5F01B0088F9ED /* Build configuration list for PBXNativeTarget "百思不得姐" */ = {
			isa = XCConfigurationList;
			buildConfigurations = (
				610347D51CB5F01B0088F9ED /* Debug */,
				610347D61CB5F01B0088F9ED /* Release */,
			);
			defaultConfigurationIsVisible = 0;
			defaultConfigurationName = Release;
		};
		610347D71CB5F01B0088F9ED /* Build configuration list for PBXNativeTarget "百思不得姐Tests" */ = {
			isa = XCConfigurationList;
			buildConfigurations = (
				610347D81CB5F01B0088F9ED /* Debug */,
				610347D91CB5F01B0088F9ED /* Release */,
			);
			defaultConfigurationIsVisible = 0;
			defaultConfigurationName = Release;
		};
		610347DA1CB5F01B0088F9ED /* Build configuration list for PBXNativeTarget "百思不得姐UITests" */ = {
			isa = XCConfigurationList;
			buildConfigurations = (
				610347DB1CB5F01B0088F9ED /* Debug */,
				610347DC1CB5F01B0088F9ED /* Release */,
			);
			defaultConfigurationIsVisible = 0;
			defaultConfigurationName = Release;
		};
/* End XCConfigurationList section */
	};
	rootObject = 6103479F1CB5F01B0088F9ED /* Project object */;
}
