// !$*UTF8*$!
{
	archiveVersion = 1;
	classes = {
	};
	objectVersion = 46;
	objects = {

/* Begin PBXBuildFile section */
		5A122B459519DA245C0DEE6D /* libPods-百思不得姐.a in Frameworks */ = {isa = PBXBuildFile; fileRef = F2CEE48E19591C0F7D286427 /* libPods-百思不得姐.a */; };
		610347B71CB5F01B0088F9ED /* Assets.xcassets in Resources */ = {isa = PBXBuildFile; fileRef = 610347B61CB5F01B0088F9ED /* Assets.xcassets */; };
		610347C51CB5F01B0088F9ED /* _____Tests.m in Sources */ = {isa = PBXBuildFile; fileRef = 610347C41CB5F01B0088F9ED /* _____Tests.m */; };
		610347D01CB5F01B0088F9ED /* _____UITests.m in Sources */ = {isa = PBXBuildFile; fileRef = 610347CF1CB5F01B0088F9ED /* _____UITests.m */; };
		610348201CB65CDB0088F9ED /* TTEssenceViewController.m in Sources */ = {isa = PBXBuildFile; fileRef = 610347FB1CB65CDB0088F9ED /* TTEssenceViewController.m */; };
		610348211CB65CDB0088F9ED /* TTFriendTrendsViewController.m in Sources */ = {isa = PBXBuildFile; fileRef = 610348011CB65CDB0088F9ED /* TTFriendTrendsViewController.m */; };
		610348221CB65CDB0088F9ED /* TTMeViewController.m in Sources */ = {isa = PBXBuildFile; fileRef = 610348071CB65CDB0088F9ED /* TTMeViewController.m */; };
		610348231CB65CDB0088F9ED /* TTNewViewController.m in Sources */ = {isa = PBXBuildFile; fileRef = 6103480D1CB65CDB0088F9ED /* TTNewViewController.m */; };
		610348241CB65CDB0088F9ED /* AppDelegate.m in Sources */ = {isa = PBXBuildFile; fileRef = 610348121CB65CDB0088F9ED /* AppDelegate.m */; };
		610348251CB65CDB0088F9ED /* UIBarButtonItem+TTExtension.m in Sources */ = {isa = PBXBuildFile; fileRef = 610348151CB65CDB0088F9ED /* UIBarButtonItem+TTExtension.m */; };
		610348261CB65CDB0088F9ED /* UIView+TTExtension.m in Sources */ = {isa = PBXBuildFile; fileRef = 610348171CB65CDB0088F9ED /* UIView+TTExtension.m */; };
		610348271CB65CDB0088F9ED /* TTTabBarController.m in Sources */ = {isa = PBXBuildFile; fileRef = 6103481A1CB65CDB0088F9ED /* TTTabBarController.m */; };
		610348281CB65CDB0088F9ED /* main.m in Sources */ = {isa = PBXBuildFile; fileRef = 6103481B1CB65CDB0088F9ED /* main.m */; };
		610348291CB65CDB0088F9ED /* TTTabBar.m in Sources */ = {isa = PBXBuildFile; fileRef = 6103481F1CB65CDB0088F9ED /* TTTabBar.m */; };
		6103482D1CB667990088F9ED /* TTFriendTrendsViewController.xib in Resources */ = {isa = PBXBuildFile; fileRef = 6103482C1CB667990088F9ED /* TTFriendTrendsViewController.xib */; };
		6107F5451CBC926F00DA501D /* TTVerticalButton.m in Sources */ = {isa = PBXBuildFile; fileRef = 6107F5441CBC926F00DA501D /* TTVerticalButton.m */; };
		610BC75C1CBB2F92000D3EAA /* TTLoginRegisterViewController.m in Sources */ = {isa = PBXBuildFile; fileRef = 610BC75B1CBB2F92000D3EAA /* TTLoginRegisterViewController.m */; };
		610BC75E1CBB2FA2000D3EAA /* TTLoginRegisterViewController.xib in Resources */ = {isa = PBXBuildFile; fileRef = 610BC75D1CBB2FA2000D3EAA /* TTLoginRegisterViewController.xib */; };
		611A000C1CB73EFC006B2585 /* TTNavigationController.m in Sources */ = {isa = PBXBuildFile; fileRef = 611A000B1CB73EFC006B2585 /* TTNavigationController.m */; };
		611A000F1CB749DE006B2585 /* TTRecommendViewController.m in Sources */ = {isa = PBXBuildFile; fileRef = 611A000E1CB749DE006B2585 /* TTRecommendViewController.m */; };
		611A00111CB749F8006B2585 /* TTRecommendViewController.xib in Resources */ = {isa = PBXBuildFile; fileRef = 611A00101CB749F8006B2585 /* TTRecommendViewController.xib */; };
		611A00181CB75210006B2585 /* Foundation+Log.m in Sources */ = {isa = PBXBuildFile; fileRef = 611A00171CB75210006B2585 /* Foundation+Log.m */; };
		612B5F8B1CB891400095BEF5 /* TTRecommendCategoryCell.m in Sources */ = {isa = PBXBuildFile; fileRef = 612B5F891CB891400095BEF5 /* TTRecommendCategoryCell.m */; };
		612B5F8C1CB891400095BEF5 /* TTRecommendCategoryCell.xib in Resources */ = {isa = PBXBuildFile; fileRef = 612B5F8A1CB891400095BEF5 /* TTRecommendCategoryCell.xib */; };
		612B5F8F1CB8915C0095BEF5 /* TTRecommendCategory.m in Sources */ = {isa = PBXBuildFile; fileRef = 612B5F8E1CB8915C0095BEF5 /* TTRecommendCategory.m */; };
		612B5F921CB8A6110095BEF5 /* TTRecommendUser.m in Sources */ = {isa = PBXBuildFile; fileRef = 612B5F911CB8A6110095BEF5 /* TTRecommendUser.m */; };
		612B5F961CB8A6330095BEF5 /* TTRecommendUserCell.m in Sources */ = {isa = PBXBuildFile; fileRef = 612B5F941CB8A6330095BEF5 /* TTRecommendUserCell.m */; };
		612B5F971CB8A6330095BEF5 /* TTRecommendUserCell.xib in Resources */ = {isa = PBXBuildFile; fileRef = 612B5F951CB8A6330095BEF5 /* TTRecommendUserCell.xib */; };
		612B5F9A1CB8FCCD0095BEF5 /* TTRecommendTag.m in Sources */ = {isa = PBXBuildFile; fileRef = 612B5F991CB8FCCD0095BEF5 /* TTRecommendTag.m */; };
		612B5F9E1CB8FCEF0095BEF5 /* TTRecommendTagCell.m in Sources */ = {isa = PBXBuildFile; fileRef = 612B5F9C1CB8FCEF0095BEF5 /* TTRecommendTagCell.m */; };
		612B5F9F1CB8FCEF0095BEF5 /* TTRecommendTagCell.xib in Resources */ = {isa = PBXBuildFile; fileRef = 612B5F9D1CB8FCEF0095BEF5 /* TTRecommendTagCell.xib */; };
		612B5FA21CB900C30095BEF5 /* TTRecommendTagsViewController.m in Sources */ = {isa = PBXBuildFile; fileRef = 612B5FA11CB900C30095BEF5 /* TTRecommendTagsViewController.m */; };
		614CA01D1CBDE18000E42494 /* TTTextFiled.m in Sources */ = {isa = PBXBuildFile; fileRef = 614CA01C1CBDE18000E42494 /* TTTextFiled.m */; };
		614CA0201CBE31F300E42494 /* TTPushGuideView.m in Sources */ = {isa = PBXBuildFile; fileRef = 614CA01F1CBE31F300E42494 /* TTPushGuideView.m */; };
		614CA0221CBE320300E42494 /* TTPushGuideView.xib in Resources */ = {isa = PBXBuildFile; fileRef = 614CA0211CBE320300E42494 /* TTPushGuideView.xib */; };
		614CA0251CBE4BA800E42494 /* TTAllViewController.m in Sources */ = {isa = PBXBuildFile; fileRef = 614CA0241CBE4BA800E42494 /* TTAllViewController.m */; };
		614CA0281CBE4BBB00E42494 /* TTVideoViewController.m in Sources */ = {isa = PBXBuildFile; fileRef = 614CA0271CBE4BBB00E42494 /* TTVideoViewController.m */; };
		614CA02B1CBE4BD200E42494 /* TTVoiceViewController.m in Sources */ = {isa = PBXBuildFile; fileRef = 614CA02A1CBE4BD200E42494 /* TTVoiceViewController.m */; };
		614CA02E1CBE4BE900E42494 /* TTPictureViewController.m in Sources */ = {isa = PBXBuildFile; fileRef = 614CA02D1CBE4BE900E42494 /* TTPictureViewController.m */; };
		614CA0311CBE4BFA00E42494 /* TTWordViewController.m in Sources */ = {isa = PBXBuildFile; fileRef = 614CA0301CBE4BFA00E42494 /* TTWordViewController.m */; };
		614CAEC61CBF32A40024BCF6 /* TTTopic.m in Sources */ = {isa = PBXBuildFile; fileRef = 614CAEC51CBF32A40024BCF6 /* TTTopic.m */; };
		614CAECD1CBF3D940024BCF6 /* TTConst.m in Sources */ = {isa = PBXBuildFile; fileRef = 614CAECC1CBF3D940024BCF6 /* TTConst.m */; };
/* End PBXBuildFile section */

/* Begin PBXContainerItemProxy section */
		610347C11CB5F01B0088F9ED /* PBXContainerItemProxy */ = {
			isa = PBXContainerItemProxy;
			containerPortal = 6103479F1CB5F01B0088F9ED /* Project object */;
			proxyType = 1;
			remoteGlobalIDString = 610347A61CB5F01B0088F9ED;
			remoteInfo = "百思不得姐";
		};
		610347CC1CB5F01B0088F9ED /* PBXContainerItemProxy */ = {
			isa = PBXContainerItemProxy;
			containerPortal = 6103479F1CB5F01B0088F9ED /* Project object */;
			proxyType = 1;
			remoteGlobalIDString = 610347A61CB5F01B0088F9ED;
			remoteInfo = "百思不得姐";
		};
/* End PBXContainerItemProxy section */

/* Begin PBXFileReference section */
		5A3B1346F49CADAA9A6EEB8D /* Pods-百思不得姐.debug.xcconfig */ = {isa = PBXFileReference; includeInIndex = 1; lastKnownFileType = text.xcconfig; name = "Pods-百思不得姐.debug.xcconfig"; path = "Pods/Target Support Files/Pods-百思不得姐/Pods-百思不得姐.debug.xcconfig"; sourceTree = "<group>"; };
		610347A71CB5F01B0088F9ED /* 百思不得姐.app */ = {isa = PBXFileReference; explicitFileType = wrapper.application; includeInIndex = 0; path = "百思不得姐.app"; sourceTree = BUILT_PRODUCTS_DIR; };
		610347B61CB5F01B0088F9ED /* Assets.xcassets */ = {isa = PBXFileReference; lastKnownFileType = folder.assetcatalog; path = Assets.xcassets; sourceTree = "<group>"; };
		610347BB1CB5F01B0088F9ED /* Info.plist */ = {isa = PBXFileReference; lastKnownFileType = text.plist.xml; path = Info.plist; sourceTree = "<group>"; };
		610347C01CB5F01B0088F9ED /* 百思不得姐Tests.xctest */ = {isa = PBXFileReference; explicitFileType = wrapper.cfbundle; includeInIndex = 0; path = "百思不得姐Tests.xctest"; sourceTree = BUILT_PRODUCTS_DIR; };
		610347C41CB5F01B0088F9ED /* _____Tests.m */ = {isa = PBXFileReference; lastKnownFileType = sourcecode.c.objc; path = "_____Tests.m"; sourceTree = "<group>"; };
		610347C61CB5F01B0088F9ED /* Info.plist */ = {isa = PBXFileReference; lastKnownFileType = text.plist.xml; path = Info.plist; sourceTree = "<group>"; };
		610347CB1CB5F01B0088F9ED /* 百思不得姐UITests.xctest */ = {isa = PBXFileReference; explicitFileType = wrapper.cfbundle; includeInIndex = 0; path = "百思不得姐UITests.xctest"; sourceTree = BUILT_PRODUCTS_DIR; };
		610347CF1CB5F01B0088F9ED /* _____UITests.m */ = {isa = PBXFileReference; lastKnownFileType = sourcecode.c.objc; path = "_____UITests.m"; sourceTree = "<group>"; };
		610347D11CB5F01B0088F9ED /* Info.plist */ = {isa = PBXFileReference; lastKnownFileType = text.plist.xml; path = Info.plist; sourceTree = "<group>"; };
		610347FA1CB65CDB0088F9ED /* TTEssenceViewController.h */ = {isa = PBXFileReference; fileEncoding = 4; lastKnownFileType = sourcecode.c.h; path = TTEssenceViewController.h; sourceTree = "<group>"; };
		610347FB1CB65CDB0088F9ED /* TTEssenceViewController.m */ = {isa = PBXFileReference; fileEncoding = 4; lastKnownFileType = sourcecode.c.objc; path = TTEssenceViewController.m; sourceTree = "<group>"; };
		610348001CB65CDB0088F9ED /* TTFriendTrendsViewController.h */ = {isa = PBXFileReference; fileEncoding = 4; lastKnownFileType = sourcecode.c.h; path = TTFriendTrendsViewController.h; sourceTree = "<group>"; };
		610348011CB65CDB0088F9ED /* TTFriendTrendsViewController.m */ = {isa = PBXFileReference; fileEncoding = 4; lastKnownFileType = sourcecode.c.objc; path = TTFriendTrendsViewController.m; sourceTree = "<group>"; };
		610348061CB65CDB0088F9ED /* TTMeViewController.h */ = {isa = PBXFileReference; fileEncoding = 4; lastKnownFileType = sourcecode.c.h; path = TTMeViewController.h; sourceTree = "<group>"; };
		610348071CB65CDB0088F9ED /* TTMeViewController.m */ = {isa = PBXFileReference; fileEncoding = 4; lastKnownFileType = sourcecode.c.objc; path = TTMeViewController.m; sourceTree = "<group>"; };
		6103480C1CB65CDB0088F9ED /* TTNewViewController.h */ = {isa = PBXFileReference; fileEncoding = 4; lastKnownFileType = sourcecode.c.h; path = TTNewViewController.h; sourceTree = "<group>"; };
		6103480D1CB65CDB0088F9ED /* TTNewViewController.m */ = {isa = PBXFileReference; fileEncoding = 4; lastKnownFileType = sourcecode.c.objc; path = TTNewViewController.m; sourceTree = "<group>"; };
		610348111CB65CDB0088F9ED /* AppDelegate.h */ = {isa = PBXFileReference; fileEncoding = 4; lastKnownFileType = sourcecode.c.h; path = AppDelegate.h; sourceTree = "<group>"; };
		610348121CB65CDB0088F9ED /* AppDelegate.m */ = {isa = PBXFileReference; fileEncoding = 4; lastKnownFileType = sourcecode.c.objc; path = AppDelegate.m; sourceTree = "<group>"; };
		610348141CB65CDB0088F9ED /* UIBarButtonItem+TTExtension.h */ = {isa = PBXFileReference; fileEncoding = 4; lastKnownFileType = sourcecode.c.h; path = "UIBarButtonItem+TTExtension.h"; sourceTree = "<group>"; };
		610348151CB65CDB0088F9ED /* UIBarButtonItem+TTExtension.m */ = {isa = PBXFileReference; fileEncoding = 4; lastKnownFileType = sourcecode.c.objc; path = "UIBarButtonItem+TTExtension.m"; sourceTree = "<group>"; };
		610348161CB65CDB0088F9ED /* UIView+TTExtension.h */ = {isa = PBXFileReference; fileEncoding = 4; lastKnownFileType = sourcecode.c.h; path = "UIView+TTExtension.h"; sourceTree = "<group>"; };
		610348171CB65CDB0088F9ED /* UIView+TTExtension.m */ = {isa = PBXFileReference; fileEncoding = 4; lastKnownFileType = sourcecode.c.objc; path = "UIView+TTExtension.m"; sourceTree = "<group>"; };
		610348191CB65CDB0088F9ED /* TTTabBarController.h */ = {isa = PBXFileReference; fileEncoding = 4; lastKnownFileType = sourcecode.c.h; path = TTTabBarController.h; sourceTree = "<group>"; };
		6103481A1CB65CDB0088F9ED /* TTTabBarController.m */ = {isa = PBXFileReference; fileEncoding = 4; lastKnownFileType = sourcecode.c.objc; path = TTTabBarController.m; sourceTree = "<group>"; };
		6103481B1CB65CDB0088F9ED /* main.m */ = {isa = PBXFileReference; fileEncoding = 4; lastKnownFileType = sourcecode.c.objc; path = main.m; sourceTree = "<group>"; };
		6103481C1CB65CDB0088F9ED /* PrefixHeader.pch */ = {isa = PBXFileReference; fileEncoding = 4; lastKnownFileType = sourcecode.c.h; path = PrefixHeader.pch; sourceTree = "<group>"; };
		6103481E1CB65CDB0088F9ED /* TTTabBar.h */ = {isa = PBXFileReference; fileEncoding = 4; lastKnownFileType = sourcecode.c.h; path = TTTabBar.h; sourceTree = "<group>"; };
		6103481F1CB65CDB0088F9ED /* TTTabBar.m */ = {isa = PBXFileReference; fileEncoding = 4; lastKnownFileType = sourcecode.c.objc; path = TTTabBar.m; sourceTree = "<group>"; };
		6103482C1CB667990088F9ED /* TTFriendTrendsViewController.xib */ = {isa = PBXFileReference; fileEncoding = 4; lastKnownFileType = file.xib; path = TTFriendTrendsViewController.xib; sourceTree = "<group>"; };
		6107F5431CBC926F00DA501D /* TTVerticalButton.h */ = {isa = PBXFileReference; fileEncoding = 4; lastKnownFileType = sourcecode.c.h; path = TTVerticalButton.h; sourceTree = "<group>"; };
		6107F5441CBC926F00DA501D /* TTVerticalButton.m */ = {isa = PBXFileReference; fileEncoding = 4; lastKnownFileType = sourcecode.c.objc; path = TTVerticalButton.m; sourceTree = "<group>"; };
		610BC75A1CBB2F92000D3EAA /* TTLoginRegisterViewController.h */ = {isa = PBXFileReference; fileEncoding = 4; lastKnownFileType = sourcecode.c.h; path = TTLoginRegisterViewController.h; sourceTree = "<group>"; };
		610BC75B1CBB2F92000D3EAA /* TTLoginRegisterViewController.m */ = {isa = PBXFileReference; fileEncoding = 4; lastKnownFileType = sourcecode.c.objc; path = TTLoginRegisterViewController.m; sourceTree = "<group>"; };
		610BC75D1CBB2FA2000D3EAA /* TTLoginRegisterViewController.xib */ = {isa = PBXFileReference; fileEncoding = 4; lastKnownFileType = file.xib; path = TTLoginRegisterViewController.xib; sourceTree = "<group>"; };
		611A000A1CB73EFC006B2585 /* TTNavigationController.h */ = {isa = PBXFileReference; fileEncoding = 4; lastKnownFileType = sourcecode.c.h; path = TTNavigationController.h; sourceTree = "<group>"; };
		611A000B1CB73EFC006B2585 /* TTNavigationController.m */ = {isa = PBXFileReference; fileEncoding = 4; lastKnownFileType = sourcecode.c.objc; path = TTNavigationController.m; sourceTree = "<group>"; };
		611A000D1CB749DE006B2585 /* TTRecommendViewController.h */ = {isa = PBXFileReference; fileEncoding = 4; lastKnownFileType = sourcecode.c.h; path = TTRecommendViewController.h; sourceTree = "<group>"; };
		611A000E1CB749DE006B2585 /* TTRecommendViewController.m */ = {isa = PBXFileReference; fileEncoding = 4; lastKnownFileType = sourcecode.c.objc; path = TTRecommendViewController.m; sourceTree = "<group>"; };
		611A00101CB749F8006B2585 /* TTRecommendViewController.xib */ = {isa = PBXFileReference; fileEncoding = 4; lastKnownFileType = file.xib; path = TTRecommendViewController.xib; sourceTree = "<group>"; };
		611A00171CB75210006B2585 /* Foundation+Log.m */ = {isa = PBXFileReference; fileEncoding = 4; lastKnownFileType = sourcecode.c.objc; path = "Foundation+Log.m"; sourceTree = "<group>"; };
		612B5F881CB891400095BEF5 /* TTRecommendCategoryCell.h */ = {isa = PBXFileReference; fileEncoding = 4; lastKnownFileType = sourcecode.c.h; path = TTRecommendCategoryCell.h; sourceTree = "<group>"; };
		612B5F891CB891400095BEF5 /* TTRecommendCategoryCell.m */ = {isa = PBXFileReference; fileEncoding = 4; lastKnownFileType = sourcecode.c.objc; path = TTRecommendCategoryCell.m; sourceTree = "<group>"; };
		612B5F8A1CB891400095BEF5 /* TTRecommendCategoryCell.xib */ = {isa = PBXFileReference; fileEncoding = 4; lastKnownFileType = file.xib; path = TTRecommendCategoryCell.xib; sourceTree = "<group>"; };
		612B5F8D1CB8915C0095BEF5 /* TTRecommendCategory.h */ = {isa = PBXFileReference; fileEncoding = 4; lastKnownFileType = sourcecode.c.h; path = TTRecommendCategory.h; sourceTree = "<group>"; };
		612B5F8E1CB8915C0095BEF5 /* TTRecommendCategory.m */ = {isa = PBXFileReference; fileEncoding = 4; lastKnownFileType = sourcecode.c.objc; path = TTRecommendCategory.m; sourceTree = "<group>"; };
		612B5F901CB8A6110095BEF5 /* TTRecommendUser.h */ = {isa = PBXFileReference; fileEncoding = 4; lastKnownFileType = sourcecode.c.h; path = TTRecommendUser.h; sourceTree = "<group>"; };
		612B5F911CB8A6110095BEF5 /* TTRecommendUser.m */ = {isa = PBXFileReference; fileEncoding = 4; lastKnownFileType = sourcecode.c.objc; path = TTRecommendUser.m; sourceTree = "<group>"; };
		612B5F931CB8A6330095BEF5 /* TTRecommendUserCell.h */ = {isa = PBXFileReference; fileEncoding = 4; lastKnownFileType = sourcecode.c.h; path = TTRecommendUserCell.h; sourceTree = "<group>"; };
		612B5F941CB8A6330095BEF5 /* TTRecommendUserCell.m */ = {isa = PBXFileReference; fileEncoding = 4; lastKnownFileType = sourcecode.c.objc; path = TTRecommendUserCell.m; sourceTree = "<group>"; };
		612B5F951CB8A6330095BEF5 /* TTRecommendUserCell.xib */ = {isa = PBXFileReference; fileEncoding = 4; lastKnownFileType = file.xib; path = TTRecommendUserCell.xib; sourceTree = "<group>"; };
		612B5F981CB8FCCD0095BEF5 /* TTRecommendTag.h */ = {isa = PBXFileReference; fileEncoding = 4; lastKnownFileType = sourcecode.c.h; path = TTRecommendTag.h; sourceTree = "<group>"; };
		612B5F991CB8FCCD0095BEF5 /* TTRecommendTag.m */ = {isa = PBXFileReference; fileEncoding = 4; lastKnownFileType = sourcecode.c.objc; path = TTRecommendTag.m; sourceTree = "<group>"; };
		612B5F9B1CB8FCEF0095BEF5 /* TTRecommendTagCell.h */ = {isa = PBXFileReference; fileEncoding = 4; lastKnownFileType = sourcecode.c.h; path = TTRecommendTagCell.h; sourceTree = "<group>"; };
		612B5F9C1CB8FCEF0095BEF5 /* TTRecommendTagCell.m */ = {isa = PBXFileReference; fileEncoding = 4; lastKnownFileType = sourcecode.c.objc; path = TTRecommendTagCell.m; sourceTree = "<group>"; };
		612B5F9D1CB8FCEF0095BEF5 /* TTRecommendTagCell.xib */ = {isa = PBXFileReference; fileEncoding = 4; lastKnownFileType = file.xib; path = TTRecommendTagCell.xib; sourceTree = "<group>"; };
		612B5FA01CB900C30095BEF5 /* TTRecommendTagsViewController.h */ = {isa = PBXFileReference; fileEncoding = 4; lastKnownFileType = sourcecode.c.h; path = TTRecommendTagsViewController.h; sourceTree = "<group>"; };
		612B5FA11CB900C30095BEF5 /* TTRecommendTagsViewController.m */ = {isa = PBXFileReference; fileEncoding = 4; lastKnownFileType = sourcecode.c.objc; path = TTRecommendTagsViewController.m; sourceTree = "<group>"; };
		614CA01B1CBDE18000E42494 /* TTTextFiled.h */ = {isa = PBXFileReference; fileEncoding = 4; lastKnownFileType = sourcecode.c.h; path = TTTextFiled.h; sourceTree = "<group>"; };
		614CA01C1CBDE18000E42494 /* TTTextFiled.m */ = {isa = PBXFileReference; fileEncoding = 4; lastKnownFileType = sourcecode.c.objc; path = TTTextFiled.m; sourceTree = "<group>"; };
		614CA01E1CBE31F300E42494 /* TTPushGuideView.h */ = {isa = PBXFileReference; fileEncoding = 4; lastKnownFileType = sourcecode.c.h; path = TTPushGuideView.h; sourceTree = "<group>"; };
		614CA01F1CBE31F300E42494 /* TTPushGuideView.m */ = {isa = PBXFileReference; fileEncoding = 4; lastKnownFileType = sourcecode.c.objc; path = TTPushGuideView.m; sourceTree = "<group>"; };
		614CA0211CBE320300E42494 /* TTPushGuideView.xib */ = {isa = PBXFileReference; fileEncoding = 4; lastKnownFileType = file.xib; path = TTPushGuideView.xib; sourceTree = "<group>"; };
		614CA0231CBE4BA800E42494 /* TTAllViewController.h */ = {isa = PBXFileReference; fileEncoding = 4; lastKnownFileType = sourcecode.c.h; path = TTAllViewController.h; sourceTree = "<group>"; };
		614CA0241CBE4BA800E42494 /* TTAllViewController.m */ = {isa = PBXFileReference; fileEncoding = 4; lastKnownFileType = sourcecode.c.objc; path = TTAllViewController.m; sourceTree = "<group>"; };
		614CA0261CBE4BBB00E42494 /* TTVideoViewController.h */ = {isa = PBXFileReference; fileEncoding = 4; lastKnownFileType = sourcecode.c.h; path = TTVideoViewController.h; sourceTree = "<group>"; };
		614CA0271CBE4BBB00E42494 /* TTVideoViewController.m */ = {isa = PBXFileReference; fileEncoding = 4; lastKnownFileType = sourcecode.c.objc; path = TTVideoViewController.m; sourceTree = "<group>"; };
		614CA0291CBE4BD200E42494 /* TTVoiceViewController.h */ = {isa = PBXFileReference; fileEncoding = 4; lastKnownFileType = sourcecode.c.h; path = TTVoiceViewController.h; sourceTree = "<group>"; };
		614CA02A1CBE4BD200E42494 /* TTVoiceViewController.m */ = {isa = PBXFileReference; fileEncoding = 4; lastKnownFileType = sourcecode.c.objc; path = TTVoiceViewController.m; sourceTree = "<group>"; };
		614CA02C1CBE4BE900E42494 /* TTPictureViewController.h */ = {isa = PBXFileReference; fileEncoding = 4; lastKnownFileType = sourcecode.c.h; path = TTPictureViewController.h; sourceTree = "<group>"; };
		614CA02D1CBE4BE900E42494 /* TTPictureViewController.m */ = {isa = PBXFileReference; fileEncoding = 4; lastKnownFileType = sourcecode.c.objc; path = TTPictureViewController.m; sourceTree = "<group>"; };
		614CA02F1CBE4BFA00E42494 /* TTWordViewController.h */ = {isa = PBXFileReference; fileEncoding = 4; lastKnownFileType = sourcecode.c.h; path = TTWordViewController.h; sourceTree = "<group>"; };
		614CA0301CBE4BFA00E42494 /* TTWordViewController.m */ = {isa = PBXFileReference; fileEncoding = 4; lastKnownFileType = sourcecode.c.objc; path = TTWordViewController.m; sourceTree = "<group>"; };
		614CAEC41CBF32A40024BCF6 /* TTTopic.h */ = {isa = PBXFileReference; fileEncoding = 4; lastKnownFileType = sourcecode.c.h; path = TTTopic.h; sourceTree = "<group>"; };
		614CAEC51CBF32A40024BCF6 /* TTTopic.m */ = {isa = PBXFileReference; fileEncoding = 4; lastKnownFileType = sourcecode.c.objc; path = TTTopic.m; sourceTree = "<group>"; };
		614CAECB1CBF3D940024BCF6 /* TTConst.h */ = {isa = PBXFileReference; fileEncoding = 4; lastKnownFileType = sourcecode.c.h; path = TTConst.h; sourceTree = "<group>"; };
		614CAECC1CBF3D940024BCF6 /* TTConst.m */ = {isa = PBXFileReference; fileEncoding = 4; lastKnownFileType = sourcecode.c.objc; path = TTConst.m; sourceTree = "<group>"; };
		9BE5D8F3699F2DA46A7C7218 /* Pods-百思不得姐.release.xcconfig */ = {isa = PBXFileReference; includeInIndex = 1; lastKnownFileType = text.xcconfig; name = "Pods-百思不得姐.release.xcconfig"; path = "Pods/Target Support Files/Pods-百思不得姐/Pods-百思不得姐.release.xcconfig"; sourceTree = "<group>"; };
		F2CEE48E19591C0F7D286427 /* libPods-百思不得姐.a */ = {isa = PBXFileReference; explicitFileType = archive.ar; includeInIndex = 0; path = "libPods-百思不得姐.a"; sourceTree = BUILT_PRODUCTS_DIR; };
/* End PBXFileReference section */

/* Begin PBXFrameworksBuildPhase section */
		610347A41CB5F01B0088F9ED /* Frameworks */ = {
			isa = PBXFrameworksBuildPhase;
			buildActionMask = 2147483647;
			files = (
				5A122B459519DA245C0DEE6D /* libPods-百思不得姐.a in Frameworks */,
			);
			runOnlyForDeploymentPostprocessing = 0;
		};
		610347BD1CB5F01B0088F9ED /* Frameworks */ = {
			isa = PBXFrameworksBuildPhase;
			buildActionMask = 2147483647;
			files = (
			);
			runOnlyForDeploymentPostprocessing = 0;
		};
		610347C81CB5F01B0088F9ED /* Frameworks */ = {
			isa = PBXFrameworksBuildPhase;
			buildActionMask = 2147483647;
			files = (
			);
			runOnlyForDeploymentPostprocessing = 0;
		};
/* End PBXFrameworksBuildPhase section */

/* Begin PBXGroup section */
		6103479E1CB5F01B0088F9ED = {
			isa = PBXGroup;
			children = (
				610347A91CB5F01B0088F9ED /* 百思不得姐 */,
				610347C31CB5F01B0088F9ED /* 百思不得姐Tests */,
				610347CE1CB5F01B0088F9ED /* 百思不得姐UITests */,
				610347A81CB5F01B0088F9ED /* Products */,
				D84790909A434690AA0C2E92 /* Pods */,
				9D5C284ED95B1C122B4F3F9C /* Frameworks */,
			);
			sourceTree = "<group>";
		};
		610347A81CB5F01B0088F9ED /* Products */ = {
			isa = PBXGroup;
			children = (
				610347A71CB5F01B0088F9ED /* 百思不得姐.app */,
				610347C01CB5F01B0088F9ED /* 百思不得姐Tests.xctest */,
				610347CB1CB5F01B0088F9ED /* 百思不得姐UITests.xctest */,
			);
			name = Products;
			sourceTree = "<group>";
		};
		610347A91CB5F01B0088F9ED /* 百思不得姐 */ = {
			isa = PBXGroup;
			children = (
				610347F71CB65CDB0088F9ED /* Classes */,
				610347AA1CB5F01B0088F9ED /* Supporting Files */,
			);
			path = "百思不得姐";
			sourceTree = "<group>";
		};
		610347AA1CB5F01B0088F9ED /* Supporting Files */ = {
			isa = PBXGroup;
			children = (
				610347B61CB5F01B0088F9ED /* Assets.xcassets */,
				610347BB1CB5F01B0088F9ED /* Info.plist */,
			);
			name = "Supporting Files";
			sourceTree = "<group>";
		};
		610347C31CB5F01B0088F9ED /* 百思不得姐Tests */ = {
			isa = PBXGroup;
			children = (
				610347C41CB5F01B0088F9ED /* _____Tests.m */,
				610347C61CB5F01B0088F9ED /* Info.plist */,
			);
			path = "百思不得姐Tests";
			sourceTree = "<group>";
		};
		610347CE1CB5F01B0088F9ED /* 百思不得姐UITests */ = {
			isa = PBXGroup;
			children = (
				610347CF1CB5F01B0088F9ED /* _____UITests.m */,
				610347D11CB5F01B0088F9ED /* Info.plist */,
			);
			path = "百思不得姐UITests";
			sourceTree = "<group>";
		};
		610347F71CB65CDB0088F9ED /* Classes */ = {
			isa = PBXGroup;
			children = (
				610347F81CB65CDB0088F9ED /* Essence-精华 */,
				610347FE1CB65CDB0088F9ED /* FriendTrends-关注 */,
				610348041CB65CDB0088F9ED /* Me-我 */,
				6103480A1CB65CDB0088F9ED /* New-新帖 */,
				610348101CB65CDB0088F9ED /* Other-其他 */,
			);
			path = Classes;
			sourceTree = "<group>";
		};
		610347F81CB65CDB0088F9ED /* Essence-精华 */ = {
			isa = PBXGroup;
			children = (
				610347F91CB65CDB0088F9ED /* Controller */,
				610347FC1CB65CDB0088F9ED /* Model */,
				610347FD1CB65CDB0088F9ED /* View */,
			);
			path = "Essence-精华";
			sourceTree = "<group>";
		};
		610347F91CB65CDB0088F9ED /* Controller */ = {
			isa = PBXGroup;
			children = (
				610347FA1CB65CDB0088F9ED /* TTEssenceViewController.h */,
				610347FB1CB65CDB0088F9ED /* TTEssenceViewController.m */,
				612B5FA01CB900C30095BEF5 /* TTRecommendTagsViewController.h */,
				612B5FA11CB900C30095BEF5 /* TTRecommendTagsViewController.m */,
				614CA0231CBE4BA800E42494 /* TTAllViewController.h */,
				614CA0241CBE4BA800E42494 /* TTAllViewController.m */,
				614CA0261CBE4BBB00E42494 /* TTVideoViewController.h */,
				614CA0271CBE4BBB00E42494 /* TTVideoViewController.m */,
				614CA0291CBE4BD200E42494 /* TTVoiceViewController.h */,
				614CA02A1CBE4BD200E42494 /* TTVoiceViewController.m */,
				614CA02C1CBE4BE900E42494 /* TTPictureViewController.h */,
				614CA02D1CBE4BE900E42494 /* TTPictureViewController.m */,
				614CA02F1CBE4BFA00E42494 /* TTWordViewController.h */,
				614CA0301CBE4BFA00E42494 /* TTWordViewController.m */,
			);
			path = Controller;
			sourceTree = "<group>";
		};
		610347FC1CB65CDB0088F9ED /* Model */ = {
			isa = PBXGroup;
			children = (
				612B5F981CB8FCCD0095BEF5 /* TTRecommendTag.h */,
				612B5F991CB8FCCD0095BEF5 /* TTRecommendTag.m */,
				614CAEC41CBF32A40024BCF6 /* TTTopic.h */,
				614CAEC51CBF32A40024BCF6 /* TTTopic.m */,
			);
			path = Model;
			sourceTree = "<group>";
		};
		610347FD1CB65CDB0088F9ED /* View */ = {
			isa = PBXGroup;
			children = (
				612B5F9B1CB8FCEF0095BEF5 /* TTRecommendTagCell.h */,
				612B5F9C1CB8FCEF0095BEF5 /* TTRecommendTagCell.m */,
				612B5F9D1CB8FCEF0095BEF5 /* TTRecommendTagCell.xib */,
			);
			path = View;
			sourceTree = "<group>";
		};
		610347FE1CB65CDB0088F9ED /* FriendTrends-关注 */ = {
			isa = PBXGroup;
			children = (
				610347FF1CB65CDB0088F9ED /* Controller */,
				610348021CB65CDB0088F9ED /* Model */,
				610348031CB65CDB0088F9ED /* View */,
			);
			path = "FriendTrends-关注";
			sourceTree = "<group>";
		};
		610347FF1CB65CDB0088F9ED /* Controller */ = {
			isa = PBXGroup;
			children = (
				610348001CB65CDB0088F9ED /* TTFriendTrendsViewController.h */,
				610348011CB65CDB0088F9ED /* TTFriendTrendsViewController.m */,
				6103482C1CB667990088F9ED /* TTFriendTrendsViewController.xib */,
				611A000D1CB749DE006B2585 /* TTRecommendViewController.h */,
				611A000E1CB749DE006B2585 /* TTRecommendViewController.m */,
				611A00101CB749F8006B2585 /* TTRecommendViewController.xib */,
				610BC75A1CBB2F92000D3EAA /* TTLoginRegisterViewController.h */,
				610BC75B1CBB2F92000D3EAA /* TTLoginRegisterViewController.m */,
				610BC75D1CBB2FA2000D3EAA /* TTLoginRegisterViewController.xib */,
			);
			path = Controller;
			sourceTree = "<group>";
		};
		610348021CB65CDB0088F9ED /* Model */ = {
			isa = PBXGroup;
			children = (
				612B5F8D1CB8915C0095BEF5 /* TTRecommendCategory.h */,
				612B5F8E1CB8915C0095BEF5 /* TTRecommendCategory.m */,
				612B5F901CB8A6110095BEF5 /* TTRecommendUser.h */,
				612B5F911CB8A6110095BEF5 /* TTRecommendUser.m */,
			);
			path = Model;
			sourceTree = "<group>";
		};
		610348031CB65CDB0088F9ED /* View */ = {
			isa = PBXGroup;
			children = (
				612B5F881CB891400095BEF5 /* TTRecommendCategoryCell.h */,
				612B5F891CB891400095BEF5 /* TTRecommendCategoryCell.m */,
				612B5F8A1CB891400095BEF5 /* TTRecommendCategoryCell.xib */,
				612B5F931CB8A6330095BEF5 /* TTRecommendUserCell.h */,
				612B5F941CB8A6330095BEF5 /* TTRecommendUserCell.m */,
				612B5F951CB8A6330095BEF5 /* TTRecommendUserCell.xib */,
				6107F5431CBC926F00DA501D /* TTVerticalButton.h */,
				6107F5441CBC926F00DA501D /* TTVerticalButton.m */,
				614CA01B1CBDE18000E42494 /* TTTextFiled.h */,
				614CA01C1CBDE18000E42494 /* TTTextFiled.m */,
			);
			path = View;
			sourceTree = "<group>";
		};
		610348041CB65CDB0088F9ED /* Me-我 */ = {
			isa = PBXGroup;
			children = (
				610348051CB65CDB0088F9ED /* Controller */,
				610348081CB65CDB0088F9ED /* Model */,
				610348091CB65CDB0088F9ED /* View */,
			);
			path = "Me-我";
			sourceTree = "<group>";
		};
		610348051CB65CDB0088F9ED /* Controller */ = {
			isa = PBXGroup;
			children = (
				610348061CB65CDB0088F9ED /* TTMeViewController.h */,
				610348071CB65CDB0088F9ED /* TTMeViewController.m */,
			);
			path = Controller;
			sourceTree = "<group>";
		};
		610348081CB65CDB0088F9ED /* Model */ = {
			isa = PBXGroup;
			children = (
			);
			path = Model;
			sourceTree = "<group>";
		};
		610348091CB65CDB0088F9ED /* View */ = {
			isa = PBXGroup;
			children = (
			);
			path = View;
			sourceTree = "<group>";
		};
		6103480A1CB65CDB0088F9ED /* New-新帖 */ = {
			isa = PBXGroup;
			children = (
				6103480B1CB65CDB0088F9ED /* Controller */,
				6103480E1CB65CDB0088F9ED /* Model */,
				6103480F1CB65CDB0088F9ED /* View */,
			);
			path = "New-新帖";
			sourceTree = "<group>";
		};
		6103480B1CB65CDB0088F9ED /* Controller */ = {
			isa = PBXGroup;
			children = (
				6103480C1CB65CDB0088F9ED /* TTNewViewController.h */,
				6103480D1CB65CDB0088F9ED /* TTNewViewController.m */,
			);
			path = Controller;
			sourceTree = "<group>";
		};
		6103480E1CB65CDB0088F9ED /* Model */ = {
			isa = PBXGroup;
			children = (
			);
			path = Model;
			sourceTree = "<group>";
		};
		6103480F1CB65CDB0088F9ED /* View */ = {
			isa = PBXGroup;
			children = (
			);
			path = View;
			sourceTree = "<group>";
		};
		610348101CB65CDB0088F9ED /* Other-其他 */ = {
			isa = PBXGroup;
			children = (
				610348131CB65CDB0088F9ED /* Category */,
				610348181CB65CDB0088F9ED /* Controller */,
				610348111CB65CDB0088F9ED /* AppDelegate.h */,
				610348121CB65CDB0088F9ED /* AppDelegate.m */,
				6103481B1CB65CDB0088F9ED /* main.m */,
				6103481C1CB65CDB0088F9ED /* PrefixHeader.pch */,
				6103481D1CB65CDB0088F9ED /* View */,
				611A00171CB75210006B2585 /* Foundation+Log.m */,
				614CAECB1CBF3D940024BCF6 /* TTConst.h */,
				614CAECC1CBF3D940024BCF6 /* TTConst.m */,
			);
			path = "Other-其他";
			sourceTree = "<group>";
		};
		610348131CB65CDB0088F9ED /* Category */ = {
			isa = PBXGroup;
			children = (
				610348141CB65CDB0088F9ED /* UIBarButtonItem+TTExtension.h */,
				610348151CB65CDB0088F9ED /* UIBarButtonItem+TTExtension.m */,
				610348161CB65CDB0088F9ED /* UIView+TTExtension.h */,
				610348171CB65CDB0088F9ED /* UIView+TTExtension.m */,
			);
			path = Category;
			sourceTree = "<group>";
		};
		610348181CB65CDB0088F9ED /* Controller */ = {
			isa = PBXGroup;
			children = (
				610348191CB65CDB0088F9ED /* TTTabBarController.h */,
				6103481A1CB65CDB0088F9ED /* TTTabBarController.m */,
				611A000A1CB73EFC006B2585 /* TTNavigationController.h */,
				611A000B1CB73EFC006B2585 /* TTNavigationController.m */,
			);
			path = Controller;
			sourceTree = "<group>";
		};
		6103481D1CB65CDB0088F9ED /* View */ = {
			isa = PBXGroup;
			children = (
				6103481E1CB65CDB0088F9ED /* TTTabBar.h */,
				6103481F1CB65CDB0088F9ED /* TTTabBar.m */,
				614CA01E1CBE31F300E42494 /* TTPushGuideView.h */,
				614CA01F1CBE31F300E42494 /* TTPushGuideView.m */,
				614CA0211CBE320300E42494 /* TTPushGuideView.xib */,
			);
			path = View;
			sourceTree = "<group>";
		};
		9D5C284ED95B1C122B4F3F9C /* Frameworks */ = {
			isa = PBXGroup;
			children = (
				F2CEE48E19591C0F7D286427 /* libPods-百思不得姐.a */,
			);
			name = Frameworks;
			sourceTree = "<group>";
		};
		D84790909A434690AA0C2E92 /* Pods */ = {
			isa = PBXGroup;
			children = (
				5A3B1346F49CADAA9A6EEB8D /* Pods-百思不得姐.debug.xcconfig */,
				9BE5D8F3699F2DA46A7C7218 /* Pods-百思不得姐.release.xcconfig */,
			);
			name = Pods;
			sourceTree = "<group>";
		};
/* End PBXGroup section */

/* Begin PBXNativeTarget section */
		610347A61CB5F01B0088F9ED /* 百思不得姐 */ = {
			isa = PBXNativeTarget;
			buildConfigurationList = 610347D41CB5F01B0088F9ED /* Build configuration list for PBXNativeTarget "百思不得姐" */;
			buildPhases = (
				D4B3B017B7577B0278AB41AB /* Check Pods Manifest.lock */,
				610347A31CB5F01B0088F9ED /* Sources */,
				610347A41CB5F01B0088F9ED /* Frameworks */,
				610347A51CB5F01B0088F9ED /* Resources */,
				63C354BAFC4B6D1DD6AC74C0 /* Embed Pods Frameworks */,
				F4A460162F6A3CAFDBF28063 /* Copy Pods Resources */,
			);
			buildRules = (
			);
			dependencies = (
			);
			name = "百思不得姐";
			productName = "百思不得姐";
			productReference = 610347A71CB5F01B0088F9ED /* 百思不得姐.app */;
			productType = "com.apple.product-type.application";
		};
		610347BF1CB5F01B0088F9ED /* 百思不得姐Tests */ = {
			isa = PBXNativeTarget;
			buildConfigurationList = 610347D71CB5F01B0088F9ED /* Build configuration list for PBXNativeTarget "百思不得姐Tests" */;
			buildPhases = (
				610347BC1CB5F01B0088F9ED /* Sources */,
				610347BD1CB5F01B0088F9ED /* Frameworks */,
				610347BE1CB5F01B0088F9ED /* Resources */,
			);
			buildRules = (
			);
			dependencies = (
				610347C21CB5F01B0088F9ED /* PBXTargetDependency */,
			);
			name = "百思不得姐Tests";
			productName = "百思不得姐Tests";
			productReference = 610347C01CB5F01B0088F9ED /* 百思不得姐Tests.xctest */;
			productType = "com.apple.product-type.bundle.unit-test";
		};
		610347CA1CB5F01B0088F9ED /* 百思不得姐UITests */ = {
			isa = PBXNativeTarget;
			buildConfigurationList = 610347DA1CB5F01B0088F9ED /* Build configuration list for PBXNativeTarget "百思不得姐UITests" */;
			buildPhases = (
				610347C71CB5F01B0088F9ED /* Sources */,
				610347C81CB5F01B0088F9ED /* Frameworks */,
				610347C91CB5F01B0088F9ED /* Resources */,
			);
			buildRules = (
			);
			dependencies = (
				610347CD1CB5F01B0088F9ED /* PBXTargetDependency */,
			);
			name = "百思不得姐UITests";
			productName = "百思不得姐UITests";
			productReference = 610347CB1CB5F01B0088F9ED /* 百思不得姐UITests.xctest */;
			productType = "com.apple.product-type.bundle.ui-testing";
		};
/* End PBXNativeTarget section */

/* Begin PBXProject section */
		6103479F1CB5F01B0088F9ED /* Project object */ = {
			isa = PBXProject;
			attributes = {
				LastUpgradeCheck = 0730;
				ORGANIZATIONNAME = "李涛涛";
				TargetAttributes = {
					610347A61CB5F01B0088F9ED = {
						CreatedOnToolsVersion = 7.3;
					};
					610347BF1CB5F01B0088F9ED = {
						CreatedOnToolsVersion = 7.3;
						TestTargetID = 610347A61CB5F01B0088F9ED;
					};
					610347CA1CB5F01B0088F9ED = {
						CreatedOnToolsVersion = 7.3;
						TestTargetID = 610347A61CB5F01B0088F9ED;
					};
				};
			};
			buildConfigurationList = 610347A21CB5F01B0088F9ED /* Build configuration list for PBXProject "百思不得姐" */;
			compatibilityVersion = "Xcode 3.2";
			developmentRegion = English;
			hasScannedForEncodings = 0;
			knownRegions = (
				en,
				Base,
			);
			mainGroup = 6103479E1CB5F01B0088F9ED;
			productRefGroup = 610347A81CB5F01B0088F9ED /* Products */;
			projectDirPath = "";
			projectRoot = "";
			targets = (
				610347A61CB5F01B0088F9ED /* 百思不得姐 */,
				610347BF1CB5F01B0088F9ED /* 百思不得姐Tests */,
				610347CA1CB5F01B0088F9ED /* 百思不得姐UITests */,
			);
		};
/* End PBXProject section */

/* Begin PBXResourcesBuildPhase section */
		610347A51CB5F01B0088F9ED /* Resources */ = {
			isa = PBXResourcesBuildPhase;
			buildActionMask = 2147483647;
			files = (
				612B5F971CB8A6330095BEF5 /* TTRecommendUserCell.xib in Resources */,
				612B5F9F1CB8FCEF0095BEF5 /* TTRecommendTagCell.xib in Resources */,
				612B5F8C1CB891400095BEF5 /* TTRecommendCategoryCell.xib in Resources */,
				611A00111CB749F8006B2585 /* TTRecommendViewController.xib in Resources */,
				6103482D1CB667990088F9ED /* TTFriendTrendsViewController.xib in Resources */,
				614CA0221CBE320300E42494 /* TTPushGuideView.xib in Resources */,
				610347B71CB5F01B0088F9ED /* Assets.xcassets in Resources */,
				610BC75E1CBB2FA2000D3EAA /* TTLoginRegisterViewController.xib in Resources */,
			);
			runOnlyForDeploymentPostprocessing = 0;
		};
		610347BE1CB5F01B0088F9ED /* Resources */ = {
			isa = PBXResourcesBuildPhase;
			buildActionMask = 2147483647;
			files = (
			);
			runOnlyForDeploymentPostprocessing = 0;
		};
		610347C91CB5F01B0088F9ED /* Resources */ = {
			isa = PBXResourcesBuildPhase;
			buildActionMask = 2147483647;
			files = (
			);
			runOnlyForDeploymentPostprocessing = 0;
		};
/* End PBXResourcesBuildPhase section */

/* Begin PBXShellScriptBuildPhase section */
		63C354BAFC4B6D1DD6AC74C0 /* Embed Pods Frameworks */ = {
			isa = PBXShellScriptBuildPhase;
			buildActionMask = 2147483647;
			files = (
			);
			inputPaths = (
			);
			name = "Embed Pods Frameworks";
			outputPaths = (
			);
			runOnlyForDeploymentPostprocessing = 0;
			shellPath = /bin/sh;
			shellScript = "\"${SRCROOT}/Pods/Target Support Files/Pods-百思不得姐/Pods-百思不得姐-frameworks.sh\"\n";
			showEnvVarsInLog = 0;
		};
		D4B3B017B7577B0278AB41AB /* Check Pods Manifest.lock */ = {
			isa = PBXShellScriptBuildPhase;
			buildActionMask = 2147483647;
			files = (
			);
			inputPaths = (
			);
			name = "Check Pods Manifest.lock";
			outputPaths = (
			);
			runOnlyForDeploymentPostprocessing = 0;
			shellPath = /bin/sh;
			shellScript = "diff \"${PODS_ROOT}/../Podfile.lock\" \"${PODS_ROOT}/Manifest.lock\" > /dev/null\nif [[ $? != 0 ]] ; then\n    cat << EOM\nerror: The sandbox is not in sync with the Podfile.lock. Run 'pod install' or update your CocoaPods installation.\nEOM\n    exit 1\nfi\n";
			showEnvVarsInLog = 0;
		};
		F4A460162F6A3CAFDBF28063 /* Copy Pods Resources */ = {
			isa = PBXShellScriptBuildPhase;
			buildActionMask = 2147483647;
			files = (
			);
			inputPaths = (
			);
			name = "Copy Pods Resources";
			outputPaths = (
			);
			runOnlyForDeploymentPostprocessing = 0;
			shellPath = /bin/sh;
			shellScript = "\"${SRCROOT}/Pods/Target Support Files/Pods-百思不得姐/Pods-百思不得姐-resources.sh\"\n";
			showEnvVarsInLog = 0;
		};
/* End PBXShellScriptBuildPhase section */

/* Begin PBXSourcesBuildPhase section */
		610347A31CB5F01B0088F9ED /* Sources */ = {
			isa = PBXSourcesBuildPhase;
			buildActionMask = 2147483647;
			files = (
				610348261CB65CDB0088F9ED /* UIView+TTExtension.m in Sources */,
				610348251CB65CDB0088F9ED /* UIBarButtonItem+TTExtension.m in Sources */,
				614CAECD1CBF3D940024BCF6 /* TTConst.m in Sources */,
				614CA0281CBE4BBB00E42494 /* TTVideoViewController.m in Sources */,
				612B5F8F1CB8915C0095BEF5 /* TTRecommendCategory.m in Sources */,
				614CA01D1CBDE18000E42494 /* TTTextFiled.m in Sources */,
				612B5F9A1CB8FCCD0095BEF5 /* TTRecommendTag.m in Sources */,
				610348221CB65CDB0088F9ED /* TTMeViewController.m in Sources */,
				614CA02E1CBE4BE900E42494 /* TTPictureViewController.m in Sources */,
				610348231CB65CDB0088F9ED /* TTNewViewController.m in Sources */,
				611A000C1CB73EFC006B2585 /* TTNavigationController.m in Sources */,
				610348211CB65CDB0088F9ED /* TTFriendTrendsViewController.m in Sources */,
				610348201CB65CDB0088F9ED /* TTEssenceViewController.m in Sources */,
				611A000F1CB749DE006B2585 /* TTRecommendViewController.m in Sources */,
				610BC75C1CBB2F92000D3EAA /* TTLoginRegisterViewController.m in Sources */,
				612B5F9E1CB8FCEF0095BEF5 /* TTRecommendTagCell.m in Sources */,
				614CA0251CBE4BA800E42494 /* TTAllViewController.m in Sources */,
				614CA0201CBE31F300E42494 /* TTPushGuideView.m in Sources */,
				610348241CB65CDB0088F9ED /* AppDelegate.m in Sources */,
				610348291CB65CDB0088F9ED /* TTTabBar.m in Sources */,
				614CAEC61CBF32A40024BCF6 /* TTTopic.m in Sources */,
				611A00181CB75210006B2585 /* Foundation+Log.m in Sources */,
				612B5FA21CB900C30095BEF5 /* TTRecommendTagsViewController.m in Sources */,
				610348281CB65CDB0088F9ED /* main.m in Sources */,
				612B5F921CB8A6110095BEF5 /* TTRecommendUser.m in Sources */,
				614CA0311CBE4BFA00E42494 /* TTWordViewController.m in Sources */,
				612B5F8B1CB891400095BEF5 /* TTRecommendCategoryCell.m in Sources */,
				610348271CB65CDB0088F9ED /* TTTabBarController.m in Sources */,
				612B5F961CB8A6330095BEF5 /* TTRecommendUserCell.m in Sources */,
				614CA02B1CBE4BD200E42494 /* TTVoiceViewController.m in Sources */,
				6107F5451CBC926F00DA501D /* TTVerticalButton.m in Sources */,
			);
			runOnlyForDeploymentPostprocessing = 0;
		};
		610347BC1CB5F01B0088F9ED /* Sources */ = {
			isa = PBXSourcesBuildPhase;
			buildActionMask = 2147483647;
			files = (
				610347C51CB5F01B0088F9ED /* _____Tests.m in Sources */,
			);
			runOnlyForDeploymentPostprocessing = 0;
		};
		610347C71CB5F01B0088F9ED /* Sources */ = {
			isa = PBXSourcesBuildPhase;
			buildActionMask = 2147483647;
			files = (
				610347D01CB5F01B0088F9ED /* _____UITests.m in Sources */,
			);
			runOnlyForDeploymentPostprocessing = 0;
		};
/* End PBXSourcesBuildPhase section */

/* Begin PBXTargetDependency section */
		610347C21CB5F01B0088F9ED /* PBXTargetDependency */ = {
			isa = PBXTargetDependency;
			target = 610347A61CB5F01B0088F9ED /* 百思不得姐 */;
			targetProxy = 610347C11CB5F01B0088F9ED /* PBXContainerItemProxy */;
		};
		610347CD1CB5F01B0088F9ED /* PBXTargetDependency */ = {
			isa = PBXTargetDependency;
			target = 610347A61CB5F01B0088F9ED /* 百思不得姐 */;
			targetProxy = 610347CC1CB5F01B0088F9ED /* PBXContainerItemProxy */;
		};
/* End PBXTargetDependency section */

/* Begin XCBuildConfiguration section */
		610347D21CB5F01B0088F9ED /* Debug */ = {
			isa = XCBuildConfiguration;
			buildSettings = {
				ALWAYS_SEARCH_USER_PATHS = NO;
				CLANG_ANALYZER_NONNULL = YES;
				CLANG_CXX_LANGUAGE_STANDARD = "gnu++0x";
				CLANG_CXX_LIBRARY = "libc++";
				CLANG_ENABLE_MODULES = YES;
				CLANG_ENABLE_OBJC_ARC = YES;
				CLANG_WARN_BOOL_CONVERSION = YES;
				CLANG_WARN_CONSTANT_CONVERSION = YES;
				CLANG_WARN_DIRECT_OBJC_ISA_USAGE = YES_ERROR;
				CLANG_WARN_EMPTY_BODY = YES;
				CLANG_WARN_ENUM_CONVERSION = YES;
				CLANG_WARN_INT_CONVERSION = YES;
				CLANG_WARN_OBJC_ROOT_CLASS = YES_ERROR;
				CLANG_WARN_UNREACHABLE_CODE = YES;
				CLANG_WARN__DUPLICATE_METHOD_MATCH = YES;
				"CODE_SIGN_IDENTITY[sdk=iphoneos*]" = "iPhone Developer";
				COPY_PHASE_STRIP = NO;
				DEBUG_INFORMATION_FORMAT = dwarf;
				ENABLE_STRICT_OBJC_MSGSEND = YES;
				ENABLE_TESTABILITY = YES;
				GCC_C_LANGUAGE_STANDARD = gnu99;
				GCC_DYNAMIC_NO_PIC = NO;
				GCC_NO_COMMON_BLOCKS = YES;
				GCC_OPTIMIZATION_LEVEL = 0;
				GCC_PREPROCESSOR_DEFINITIONS = (
					"DEBUG=1",
					"$(inherited)",
				);
				GCC_WARN_64_TO_32_BIT_CONVERSION = YES;
				GCC_WARN_ABOUT_RETURN_TYPE = YES_ERROR;
				GCC_WARN_UNDECLARED_SELECTOR = YES;
				GCC_WARN_UNINITIALIZED_AUTOS = YES_AGGRESSIVE;
				GCC_WARN_UNUSED_FUNCTION = YES;
				GCC_WARN_UNUSED_VARIABLE = YES;
				IPHONEOS_DEPLOYMENT_TARGET = 9.3;
				MTL_ENABLE_DEBUG_INFO = YES;
				ONLY_ACTIVE_ARCH = YES;
				SDKROOT = iphoneos;
			};
			name = Debug;
		};
		610347D31CB5F01B0088F9ED /* Release */ = {
			isa = XCBuildConfiguration;
			buildSettings = {
				ALWAYS_SEARCH_USER_PATHS = NO;
				CLANG_ANALYZER_NONNULL = YES;
				CLANG_CXX_LANGUAGE_STANDARD = "gnu++0x";
				CLANG_CXX_LIBRARY = "libc++";
				CLANG_ENABLE_MODULES = YES;
				CLANG_ENABLE_OBJC_ARC = YES;
				CLANG_WARN_BOOL_CONVERSION = YES;
				CLANG_WARN_CONSTANT_CONVERSION = YES;
				CLANG_WARN_DIRECT_OBJC_ISA_USAGE = YES_ERROR;
				CLANG_WARN_EMPTY_BODY = YES;
				CLANG_WARN_ENUM_CONVERSION = YES;
				CLANG_WARN_INT_CONVERSION = YES;
				CLANG_WARN_OBJC_ROOT_CLASS = YES_ERROR;
				CLANG_WARN_UNREACHABLE_CODE = YES;
				CLANG_WARN__DUPLICATE_METHOD_MATCH = YES;
				"CODE_SIGN_IDENTITY[sdk=iphoneos*]" = "iPhone Developer";
				COPY_PHASE_STRIP = NO;
				DEBUG_INFORMATION_FORMAT = "dwarf-with-dsym";
				ENABLE_NS_ASSERTIONS = NO;
				ENABLE_STRICT_OBJC_MSGSEND = YES;
				GCC_C_LANGUAGE_STANDARD = gnu99;
				GCC_NO_COMMON_BLOCKS = YES;
				GCC_WARN_64_TO_32_BIT_CONVERSION = YES;
				GCC_WARN_ABOUT_RETURN_TYPE = YES_ERROR;
				GCC_WARN_UNDECLARED_SELECTOR = YES;
				GCC_WARN_UNINITIALIZED_AUTOS = YES_AGGRESSIVE;
				GCC_WARN_UNUSED_FUNCTION = YES;
				GCC_WARN_UNUSED_VARIABLE = YES;
				IPHONEOS_DEPLOYMENT_TARGET = 9.3;
				MTL_ENABLE_DEBUG_INFO = NO;
				SDKROOT = iphoneos;
				VALIDATE_PRODUCT = YES;
			};
			name = Release;
		};
		610347D51CB5F01B0088F9ED /* Debug */ = {
			isa = XCBuildConfiguration;
			baseConfigurationReference = 5A3B1346F49CADAA9A6EEB8D /* Pods-百思不得姐.debug.xcconfig */;
			buildSettings = {
				ASSETCATALOG_COMPILER_APPICON_NAME = AppIcon;
				ASSETCATALOG_COMPILER_LAUNCHIMAGE_NAME = "Brand Assets";
				GCC_PRECOMPILE_PREFIX_HEADER = YES;
				GCC_PREFIX_HEADER = "/Users/Doracool/Desktop/News/代码/Joke/Demo/百思不得姐/百思不得姐/Classes/Other-其他/PrefixHeader.pch";
				INFOPLIST_FILE = "百思不得姐/Info.plist";
				LD_RUNPATH_SEARCH_PATHS = "$(inherited) @executable_path/Frameworks";
				PRODUCT_BUNDLE_IDENTIFIER = "com.dianshi.-----";
				PRODUCT_NAME = "$(TARGET_NAME)";
			};
			name = Debug;
		};
		610347D61CB5F01B0088F9ED /* Release */ = {
			isa = XCBuildConfiguration;
			baseConfigurationReference = 9BE5D8F3699F2DA46A7C7218 /* Pods-百思不得姐.release.xcconfig */;
			buildSettings = {
				ASSETCATALOG_COMPILER_APPICON_NAME = AppIcon;
				ASSETCATALOG_COMPILER_LAUNCHIMAGE_NAME = "Brand Assets";
				GCC_PRECOMPILE_PREFIX_HEADER = YES;
				GCC_PREFIX_HEADER = "/Users/Doracool/Desktop/News/代码/Joke/Demo/百思不得姐/百思不得姐/Classes/Other-其他/PrefixHeader.pch";
				INFOPLIST_FILE = "百思不得姐/Info.plist";
				LD_RUNPATH_SEARCH_PATHS = "$(inherited) @executable_path/Frameworks";
				PRODUCT_BUNDLE_IDENTIFIER = "com.dianshi.-----";
				PRODUCT_NAME = "$(TARGET_NAME)";
			};
			name = Release;
		};
		610347D81CB5F01B0088F9ED /* Debug */ = {
			isa = XCBuildConfiguration;
			buildSettings = {
				BUNDLE_LOADER = "$(TEST_HOST)";
				INFOPLIST_FILE = "百思不得姐Tests/Info.plist";
				LD_RUNPATH_SEARCH_PATHS = "$(inherited) @executable_path/Frameworks @loader_path/Frameworks";
				PRODUCT_BUNDLE_IDENTIFIER = "com.dianshi.-----Tests";
				PRODUCT_NAME = "$(TARGET_NAME)";
				TEST_HOST = "$(BUILT_PRODUCTS_DIR)/百思不得姐.app/百思不得姐";
			};
			name = Debug;
		};
		610347D91CB5F01B0088F9ED /* Release */ = {
			isa = XCBuildConfiguration;
			buildSettings = {
				BUNDLE_LOADER = "$(TEST_HOST)";
				INFOPLIST_FILE = "百思不得姐Tests/Info.plist";
				LD_RUNPATH_SEARCH_PATHS = "$(inherited) @executable_path/Frameworks @loader_path/Frameworks";
				PRODUCT_BUNDLE_IDENTIFIER = "com.dianshi.-----Tests";
				PRODUCT_NAME = "$(TARGET_NAME)";
				TEST_HOST = "$(BUILT_PRODUCTS_DIR)/百思不得姐.app/百思不得姐";
			};
			name = Release;
		};
		610347DB1CB5F01B0088F9ED /* Debug */ = {
			isa = XCBuildConfiguration;
			buildSettings = {
				INFOPLIST_FILE = "百思不得姐UITests/Info.plist";
				LD_RUNPATH_SEARCH_PATHS = "$(inherited) @executable_path/Frameworks @loader_path/Frameworks";
				PRODUCT_BUNDLE_IDENTIFIER = "com.dianshi.-----UITests";
				PRODUCT_NAME = "$(TARGET_NAME)";
				TEST_TARGET_NAME = "百思不得姐";
			};
			name = Debug;
		};
		610347DC1CB5F01B0088F9ED /* Release */ = {
			isa = XCBuildConfiguration;
			buildSettings = {
				INFOPLIST_FILE = "百思不得姐UITests/Info.plist";
				LD_RUNPATH_SEARCH_PATHS = "$(inherited) @executable_path/Frameworks @loader_path/Frameworks";
				PRODUCT_BUNDLE_IDENTIFIER = "com.dianshi.-----UITests";
				PRODUCT_NAME = "$(TARGET_NAME)";
				TEST_TARGET_NAME = "百思不得姐";
			};
			name = Release;
		};
/* End XCBuildConfiguration section */

/* Begin XCConfigurationList section */
		610347A21CB5F01B0088F9ED /* Build configuration list for PBXProject "百思不得姐" */ = {
			isa = XCConfigurationList;
			buildConfigurations = (
				610347D21CB5F01B0088F9ED /* Debug */,
				610347D31CB5F01B0088F9ED /* Release */,
			);
			defaultConfigurationIsVisible = 0;
			defaultConfigurationName = Release;
		};
		610347D41CB5F01B0088F9ED /* Build configuration list for PBXNativeTarget "百思不得姐" */ = {
			isa = XCConfigurationList;
			buildConfigurations = (
				610347D51CB5F01B0088F9ED /* Debug */,
				610347D61CB5F01B0088F9ED /* Release */,
			);
			defaultConfigurationIsVisible = 0;
			defaultConfigurationName = Release;
		};
		610347D71CB5F01B0088F9ED /* Build configuration list for PBXNativeTarget "百思不得姐Tests" */ = {
			isa = XCConfigurationList;
			buildConfigurations = (
				610347D81CB5F01B0088F9ED /* Debug */,
				610347D91CB5F01B0088F9ED /* Release */,
			);
			defaultConfigurationIsVisible = 0;
			defaultConfigurationName = Release;
		};
		610347DA1CB5F01B0088F9ED /* Build configuration list for PBXNativeTarget "百思不得姐UITests" */ = {
			isa = XCConfigurationList;
			buildConfigurations = (
				610347DB1CB5F01B0088F9ED /* Debug */,
				610347DC1CB5F01B0088F9ED /* Release */,
			);
			defaultConfigurationIsVisible = 0;
			defaultConfigurationName = Release;
		};
/* End XCConfigurationList section */
	};
	rootObject = 6103479F1CB5F01B0088F9ED /* Project object */;
}
